// !$*UTF8*$!
{
	archiveVersion = 1;
	classes = {
	};
	objectVersion = 46;
	objects = {

/* Begin PBXBuildFile section */
		FB31EB1A19C5977E0066829A /* GridView.swift in Sources */ = {isa = PBXBuildFile; fileRef = FB31EB1919C5977E0066829A /* GridView.swift */; };
		FB31EB1C19C598550066829A /* Extensions.swift in Sources */ = {isa = PBXBuildFile; fileRef = FB31EB1B19C598550066829A /* Extensions.swift */; };
		FB31EB2019C59B440066829A /* GameModel.swift in Sources */ = {isa = PBXBuildFile; fileRef = FB31EB1F19C59B440066829A /* GameModel.swift */; };
		FB31EB2C19C5D7EE0066829A /* StatusView.swift in Sources */ = {isa = PBXBuildFile; fileRef = FB31EB2B19C5D7EE0066829A /* StatusView.swift */; };
		FB31EB2F19C5E69C0066829A /* flag.png in Resources */ = {isa = PBXBuildFile; fileRef = FB31EB2D19C5E69C0066829A /* flag.png */; };
		FB31EB3019C5E69C0066829A /* mine.png in Resources */ = {isa = PBXBuildFile; fileRef = FB31EB2E19C5E69C0066829A /* mine.png */; };
		FBE9675419C58A8700C8C24C /* AppDelegate.swift in Sources */ = {isa = PBXBuildFile; fileRef = FBE9675319C58A8700C8C24C /* AppDelegate.swift */; };
		FBE9675619C58A8700C8C24C /* ViewController.swift in Sources */ = {isa = PBXBuildFile; fileRef = FBE9675519C58A8700C8C24C /* ViewController.swift */; };
		FBE9675919C58A8700C8C24C /* Main.storyboard in Resources */ = {isa = PBXBuildFile; fileRef = FBE9675719C58A8700C8C24C /* Main.storyboard */; };
		FBE9675B19C58A8700C8C24C /* Images.xcassets in Resources */ = {isa = PBXBuildFile; fileRef = FBE9675A19C58A8700C8C24C /* Images.xcassets */; };
		FBE9675E19C58A8700C8C24C /* LaunchScreen.xib in Resources */ = {isa = PBXBuildFile; fileRef = FBE9675C19C58A8700C8C24C /* LaunchScreen.xib */; };
		FBE9676A19C58A8700C8C24C /* MineSweeperTests.swift in Sources */ = {isa = PBXBuildFile; fileRef = FBE9676919C58A8700C8C24C /* MineSweeperTests.swift */; };
		FBE9677419C58CF000C8C24C /* GameboardView.swift in Sources */ = {isa = PBXBuildFile; fileRef = FBE9677319C58CF000C8C24C /* GameboardView.swift */; };
/* End PBXBuildFile section */

/* Begin PBXContainerItemProxy section */
		FBE9676419C58A8700C8C24C /* PBXContainerItemProxy */ = {
			isa = PBXContainerItemProxy;
			containerPortal = FBE9674619C58A8700C8C24C /* Project object */;
			proxyType = 1;
			remoteGlobalIDString = FBE9674D19C58A8700C8C24C;
			remoteInfo = MineSweeper;
		};
/* End PBXContainerItemProxy section */

/* Begin PBXFileReference section */
		FB31EB1919C5977E0066829A /* GridView.swift */ = {isa = PBXFileReference; fileEncoding = 4; lastKnownFileType = sourcecode.swift; path = GridView.swift; sourceTree = "<group>"; };
		FB31EB1B19C598550066829A /* Extensions.swift */ = {isa = PBXFileReference; fileEncoding = 4; lastKnownFileType = sourcecode.swift; path = Extensions.swift; sourceTree = "<group>"; };
		FB31EB1F19C59B440066829A /* GameModel.swift */ = {isa = PBXFileReference; fileEncoding = 4; lastKnownFileType = sourcecode.swift; path = GameModel.swift; sourceTree = "<group>"; };
		FB31EB2B19C5D7EE0066829A /* StatusView.swift */ = {isa = PBXFileReference; fileEncoding = 4; lastKnownFileType = sourcecode.swift; path = StatusView.swift; sourceTree = "<group>"; };
		FB31EB2D19C5E69C0066829A /* flag.png */ = {isa = PBXFileReference; lastKnownFileType = image.png; path = flag.png; sourceTree = "<group>"; };
		FB31EB2E19C5E69C0066829A /* mine.png */ = {isa = PBXFileReference; lastKnownFileType = image.png; path = mine.png; sourceTree = "<group>"; };
		FBE9674E19C58A8700C8C24C /* MineSweeper.app */ = {isa = PBXFileReference; explicitFileType = wrapper.application; includeInIndex = 0; path = MineSweeper.app; sourceTree = BUILT_PRODUCTS_DIR; };
		FBE9675219C58A8700C8C24C /* Info.plist */ = {isa = PBXFileReference; lastKnownFileType = text.plist.xml; path = Info.plist; sourceTree = "<group>"; };
		FBE9675319C58A8700C8C24C /* AppDelegate.swift */ = {isa = PBXFileReference; lastKnownFileType = sourcecode.swift; path = AppDelegate.swift; sourceTree = "<group>"; };
		FBE9675519C58A8700C8C24C /* ViewController.swift */ = {isa = PBXFileReference; lastKnownFileType = sourcecode.swift; path = ViewController.swift; sourceTree = "<group>"; };
		FBE9675819C58A8700C8C24C /* Base */ = {isa = PBXFileReference; lastKnownFileType = file.storyboard; name = Base; path = Base.lproj/Main.storyboard; sourceTree = "<group>"; };
		FBE9675A19C58A8700C8C24C /* Images.xcassets */ = {isa = PBXFileReference; lastKnownFileType = folder.assetcatalog; path = Images.xcassets; sourceTree = "<group>"; };
		FBE9675D19C58A8700C8C24C /* Base */ = {isa = PBXFileReference; lastKnownFileType = file.xib; name = Base; path = Base.lproj/LaunchScreen.xib; sourceTree = "<group>"; };
		FBE9676319C58A8700C8C24C /* MineSweeperTests.xctest */ = {isa = PBXFileReference; explicitFileType = wrapper.cfbundle; includeInIndex = 0; path = MineSweeperTests.xctest; sourceTree = BUILT_PRODUCTS_DIR; };
		FBE9676819C58A8700C8C24C /* Info.plist */ = {isa = PBXFileReference; lastKnownFileType = text.plist.xml; path = Info.plist; sourceTree = "<group>"; };
		FBE9676919C58A8700C8C24C /* MineSweeperTests.swift */ = {isa = PBXFileReference; lastKnownFileType = sourcecode.swift; path = MineSweeperTests.swift; sourceTree = "<group>"; };
		FBE9677319C58CF000C8C24C /* GameboardView.swift */ = {isa = PBXFileReference; fileEncoding = 4; lastKnownFileType = sourcecode.swift; path = GameboardView.swift; sourceTree = "<group>"; };
/* End PBXFileReference section */

/* Begin PBXFrameworksBuildPhase section */
		FBE9674B19C58A8700C8C24C /* Frameworks */ = {
			isa = PBXFrameworksBuildPhase;
			buildActionMask = 2147483647;
			files = (
			);
			runOnlyForDeploymentPostprocessing = 0;
		};
		FBE9676019C58A8700C8C24C /* Frameworks */ = {
			isa = PBXFrameworksBuildPhase;
			buildActionMask = 2147483647;
			files = (
			);
			runOnlyForDeploymentPostprocessing = 0;
		};
/* End PBXFrameworksBuildPhase section */

/* Begin PBXGroup section */
		FB31EB3119C5E6A70066829A /* Resources */ = {
			isa = PBXGroup;
			children = (
				FB31EB2D19C5E69C0066829A /* flag.png */,
				FB31EB2E19C5E69C0066829A /* mine.png */,
			);
			name = Resources;
			sourceTree = "<group>";
		};
		FBE9674519C58A8700C8C24C = {
			isa = PBXGroup;
			children = (
				FBE9675019C58A8700C8C24C /* MineSweeper */,
				FBE9676619C58A8700C8C24C /* MineSweeperTests */,
				FBE9674F19C58A8700C8C24C /* Products */,
			);
			sourceTree = "<group>";
		};
		FBE9674F19C58A8700C8C24C /* Products */ = {
			isa = PBXGroup;
			children = (
				FBE9674E19C58A8700C8C24C /* MineSweeper.app */,
				FBE9676319C58A8700C8C24C /* MineSweeperTests.xctest */,
			);
			name = Products;
			sourceTree = "<group>";
		};
		FBE9675019C58A8700C8C24C /* MineSweeper */ = {
			isa = PBXGroup;
			children = (
				FBE9675319C58A8700C8C24C /* AppDelegate.swift */,
				FBE9675519C58A8700C8C24C /* ViewController.swift */,
				FBE9677319C58CF000C8C24C /* GameboardView.swift */,
				FB31EB1919C5977E0066829A /* GridView.swift */,
				FB31EB2B19C5D7EE0066829A /* StatusView.swift */,
				FB31EB1F19C59B440066829A /* GameModel.swift */,
				FB31EB1B19C598550066829A /* Extensions.swift */,
				FBE9675719C58A8700C8C24C /* Main.storyboard */,
				FBE9675A19C58A8700C8C24C /* Images.xcassets */,
				FBE9675C19C58A8700C8C24C /* LaunchScreen.xib */,
				FB31EB3119C5E6A70066829A /* Resources */,
				FBE9675119C58A8700C8C24C /* Supporting Files */,
			);
			path = MineSweeper;
			sourceTree = "<group>";
		};
		FBE9675119C58A8700C8C24C /* Supporting Files */ = {
			isa = PBXGroup;
			children = (
				FBE9675219C58A8700C8C24C /* Info.plist */,
			);
			name = "Supporting Files";
			sourceTree = "<group>";
		};
		FBE9676619C58A8700C8C24C /* MineSweeperTests */ = {
			isa = PBXGroup;
			children = (
				FBE9676919C58A8700C8C24C /* MineSweeperTests.swift */,
				FBE9676719C58A8700C8C24C /* Supporting Files */,
			);
			path = MineSweeperTests;
			sourceTree = "<group>";
		};
		FBE9676719C58A8700C8C24C /* Supporting Files */ = {
			isa = PBXGroup;
			children = (
				FBE9676819C58A8700C8C24C /* Info.plist */,
			);
			name = "Supporting Files";
			sourceTree = "<group>";
		};
/* End PBXGroup section */

/* Begin PBXNativeTarget section */
		FBE9674D19C58A8700C8C24C /* MineSweeper */ = {
			isa = PBXNativeTarget;
			buildConfigurationList = FBE9676D19C58A8700C8C24C /* Build configuration list for PBXNativeTarget "MineSweeper" */;
			buildPhases = (
				FBE9674A19C58A8700C8C24C /* Sources */,
				FBE9674B19C58A8700C8C24C /* Frameworks */,
				FBE9674C19C58A8700C8C24C /* Resources */,
			);
			buildRules = (
			);
			dependencies = (
			);
			name = MineSweeper;
			productName = MineSweeper;
			productReference = FBE9674E19C58A8700C8C24C /* MineSweeper.app */;
			productType = "com.apple.product-type.application";
		};
		FBE9676219C58A8700C8C24C /* MineSweeperTests */ = {
			isa = PBXNativeTarget;
			buildConfigurationList = FBE9677019C58A8700C8C24C /* Build configuration list for PBXNativeTarget "MineSweeperTests" */;
			buildPhases = (
				FBE9675F19C58A8700C8C24C /* Sources */,
				FBE9676019C58A8700C8C24C /* Frameworks */,
				FBE9676119C58A8700C8C24C /* Resources */,
			);
			buildRules = (
			);
			dependencies = (
				FBE9676519C58A8700C8C24C /* PBXTargetDependency */,
			);
			name = MineSweeperTests;
			productName = MineSweeperTests;
			productReference = FBE9676319C58A8700C8C24C /* MineSweeperTests.xctest */;
			productType = "com.apple.product-type.bundle.unit-test";
		};
/* End PBXNativeTarget section */

/* Begin PBXProject section */
		FBE9674619C58A8700C8C24C /* Project object */ = {
			isa = PBXProject;
			attributes = {
				LastUpgradeCheck = 0600;
				ORGANIZATIONNAME = Cofyc;
				TargetAttributes = {
					FBE9674D19C58A8700C8C24C = {
						CreatedOnToolsVersion = 6.0;
					};
					FBE9676219C58A8700C8C24C = {
						CreatedOnToolsVersion = 6.0;
						TestTargetID = FBE9674D19C58A8700C8C24C;
					};
				};
			};
			buildConfigurationList = FBE9674919C58A8700C8C24C /* Build configuration list for PBXProject "MineSweeper" */;
			compatibilityVersion = "Xcode 3.2";
			developmentRegion = English;
			hasScannedForEncodings = 0;
			knownRegions = (
				en,
				Base,
			);
			mainGroup = FBE9674519C58A8700C8C24C;
			productRefGroup = FBE9674F19C58A8700C8C24C /* Products */;
			projectDirPath = "";
			projectRoot = "";
			targets = (
				FBE9674D19C58A8700C8C24C /* MineSweeper */,
				FBE9676219C58A8700C8C24C /* MineSweeperTests */,
			);
		};
/* End PBXProject section */

/* Begin PBXResourcesBuildPhase section */
		FBE9674C19C58A8700C8C24C /* Resources */ = {
			isa = PBXResourcesBuildPhase;
			buildActionMask = 2147483647;
			files = (
				FBE9675919C58A8700C8C24C /* Main.storyboard in Resources */,
				FB31EB3019C5E69C0066829A /* mine.png in Resources */,
				FB31EB2F19C5E69C0066829A /* flag.png in Resources */,
				FBE9675E19C58A8700C8C24C /* LaunchScreen.xib in Resources */,
				FBE9675B19C58A8700C8C24C /* Images.xcassets in Resources */,
			);
			runOnlyForDeploymentPostprocessing = 0;
		};
		FBE9676119C58A8700C8C24C /* Resources */ = {
			isa = PBXResourcesBuildPhase;
			buildActionMask = 2147483647;
			files = (
			);
			runOnlyForDeploymentPostprocessing = 0;
		};
/* End PBXResourcesBuildPhase section */

/* Begin PBXSourcesBuildPhase section */
		FBE9674A19C58A8700C8C24C /* Sources */ = {
			isa = PBXSourcesBuildPhase;
			buildActionMask = 2147483647;
			files = (
				FB31EB1C19C598550066829A /* Extensions.swift in Sources */,
				FBE9677419C58CF000C8C24C /* GameboardView.swift in Sources */,
				FBE9675619C58A8700C8C24C /* ViewController.swift in Sources */,
				FB31EB1A19C5977E0066829A /* GridView.swift in Sources */,
				FB31EB2C19C5D7EE0066829A /* StatusView.swift in Sources */,
				FBE9675419C58A8700C8C24C /* AppDelegate.swift in Sources */,
				FB31EB2019C59B440066829A /* GameModel.swift in Sources */,
			);
			runOnlyForDeploymentPostprocessing = 0;
		};
		FBE9675F19C58A8700C8C24C /* Sources */ = {
			isa = PBXSourcesBuildPhase;
			buildActionMask = 2147483647;
			files = (
				FBE9676A19C58A8700C8C24C /* MineSweeperTests.swift in Sources */,
			);
			runOnlyForDeploymentPostprocessing = 0;
		};
/* End PBXSourcesBuildPhase section */

/* Begin PBXTargetDependency section */
		FBE9676519C58A8700C8C24C /* PBXTargetDependency */ = {
			isa = PBXTargetDependency;
			target = FBE9674D19C58A8700C8C24C /* MineSweeper */;
			targetProxy = FBE9676419C58A8700C8C24C /* PBXContainerItemProxy */;
		};
/* End PBXTargetDependency section */

/* Begin PBXVariantGroup section */
		FBE9675719C58A8700C8C24C /* Main.storyboard */ = {
			isa = PBXVariantGroup;
			children = (
				FBE9675819C58A8700C8C24C /* Base */,
			);
			name = Main.storyboard;
			sourceTree = "<group>";
		};
		FBE9675C19C58A8700C8C24C /* LaunchScreen.xib */ = {
			isa = PBXVariantGroup;
			children = (
				FBE9675D19C58A8700C8C24C /* Base */,
			);
			name = LaunchScreen.xib;
			sourceTree = "<group>";
		};
/* End PBXVariantGroup section */

/* Begin XCBuildConfiguration section */
		FBE9676B19C58A8700C8C24C /* Debug */ = {
			isa = XCBuildConfiguration;
			buildSettings = {
				ALWAYS_SEARCH_USER_PATHS = NO;
				CLANG_CXX_LANGUAGE_STANDARD = "gnu++0x";
				CLANG_CXX_LIBRARY = "libc++";
				CLANG_ENABLE_MODULES = YES;
				CLANG_ENABLE_OBJC_ARC = YES;
				CLANG_WARN_BOOL_CONVERSION = YES;
				CLANG_WARN_CONSTANT_CONVERSION = YES;
				CLANG_WARN_DIRECT_OBJC_ISA_USAGE = YES_ERROR;
				CLANG_WARN_EMPTY_BODY = YES;
				CLANG_WARN_ENUM_CONVERSION = YES;
				CLANG_WARN_INT_CONVERSION = YES;
				CLANG_WARN_OBJC_ROOT_CLASS = YES_ERROR;
				CLANG_WARN_UNREACHABLE_CODE = YES;
				CLANG_WARN__DUPLICATE_METHOD_MATCH = YES;
				"CODE_SIGN_IDENTITY[sdk=iphoneos*]" = "iPhone Developer";
				COPY_PHASE_STRIP = NO;
				ENABLE_STRICT_OBJC_MSGSEND = YES;
				GCC_C_LANGUAGE_STANDARD = gnu99;
				GCC_DYNAMIC_NO_PIC = NO;
				GCC_OPTIMIZATION_LEVEL = 0;
				GCC_PREPROCESSOR_DEFINITIONS = (
					"DEBUG=1",
					"$(inherited)",
				);
				GCC_SYMBOLS_PRIVATE_EXTERN = NO;
				GCC_WARN_64_TO_32_BIT_CONVERSION = YES;
				GCC_WARN_ABOUT_RETURN_TYPE = YES_ERROR;
				GCC_WARN_UNDECLARED_SELECTOR = YES;
				GCC_WARN_UNINITIALIZED_AUTOS = YES_AGGRESSIVE;
				GCC_WARN_UNUSED_FUNCTION = YES;
				GCC_WARN_UNUSED_VARIABLE = YES;
				IPHONEOS_DEPLOYMENT_TARGET = 8.0;
				MTL_ENABLE_DEBUG_INFO = YES;
				ONLY_ACTIVE_ARCH = YES;
				SDKROOT = iphoneos;
				SWIFT_OPTIMIZATION_LEVEL = "-Onone";
			};
			name = Debug;
		};
		FBE9676C19C58A8700C8C24C /* Release */ = {
			isa = XCBuildConfiguration;
			buildSettings = {
				ALWAYS_SEARCH_USER_PATHS = NO;
				CLANG_CXX_LANGUAGE_STANDARD = "gnu++0x";
				CLANG_CXX_LIBRARY = "libc++";
				CLANG_ENABLE_MODULES = YES;
				CLANG_ENABLE_OBJC_ARC = YES;
				CLANG_WARN_BOOL_CONVERSION = YES;
				CLANG_WARN_CONSTANT_CONVERSION = YES;
				CLANG_WARN_DIRECT_OBJC_ISA_USAGE = YES_ERROR;
				CLANG_WARN_EMPTY_BODY = YES;
				CLANG_WARN_ENUM_CONVERSION = YES;
				CLANG_WARN_INT_CONVERSION = YES;
				CLANG_WARN_OBJC_ROOT_CLASS = YES_ERROR;
				CLANG_WARN_UNREACHABLE_CODE = YES;
				CLANG_WARN__DUPLICATE_METHOD_MATCH = YES;
				"CODE_SIGN_IDENTITY[sdk=iphoneos*]" = "iPhone Developer";
				COPY_PHASE_STRIP = YES;
				ENABLE_NS_ASSERTIONS = NO;
				ENABLE_STRICT_OBJC_MSGSEND = YES;
				GCC_C_LANGUAGE_STANDARD = gnu99;
				GCC_WARN_64_TO_32_BIT_CONVERSION = YES;
				GCC_WARN_ABOUT_RETURN_TYPE = YES_ERROR;
				GCC_WARN_UNDECLARED_SELECTOR = YES;
				GCC_WARN_UNINITIALIZED_AUTOS = YES_AGGRESSIVE;
				GCC_WARN_UNUSED_FUNCTION = YES;
				GCC_WARN_UNUSED_VARIABLE = YES;
				IPHONEOS_DEPLOYMENT_TARGET = 8.0;
				MTL_ENABLE_DEBUG_INFO = NO;
				SDKROOT = iphoneos;
				VALIDATE_PRODUCT = YES;
			};
			name = Release;
		};
		FBE9676E19C58A8700C8C24C /* Debug */ = {
			isa = XCBuildConfiguration;
			buildSettings = {
				ASSETCATALOG_COMPILER_APPICON_NAME = AppIcon;
				INFOPLIST_FILE = MineSweeper/Info.plist;
				LD_RUNPATH_SEARCH_PATHS = "$(inherited) @executable_path/Frameworks";
				PRODUCT_NAME = "$(TARGET_NAME)";
			};
			name = Debug;
		};
		FBE9676F19C58A8700C8C24C /* Release */ = {
			isa = XCBuildConfiguration;
			buildSettings = {
				ASSETCATALOG_COMPILER_APPICON_NAME = AppIcon;
				INFOPLIST_FILE = MineSweeper/Info.plist;
				LD_RUNPATH_SEARCH_PATHS = "$(inherited) @executable_path/Frameworks";
				PRODUCT_NAME = "$(TARGET_NAME)";
			};
			name = Release;
		};
		FBE9677119C58A8700C8C24C /* Debug */ = {
			isa = XCBuildConfiguration;
			buildSettings = {
				BUNDLE_LOADER = "$(TEST_HOST)";
				FRAMEWORK_SEARCH_PATHS = (
					"$(SDKROOT)/Developer/Library/Frameworks",
					"$(inherited)",
				);
				GCC_PREPROCESSOR_DEFINITIONS = (
					"DEBUG=1",
					"$(inherited)",
				);
				INFOPLIST_FILE = MineSweeperTests/Info.plist;
				LD_RUNPATH_SEARCH_PATHS = "$(inherited) @executable_path/Frameworks @loader_path/Frameworks";
				PRODUCT_NAME = "$(TARGET_NAME)";
				TEST_HOST = "$(BUILT_PRODUCTS_DIR)/MineSweeper.app/MineSweeper";
			};
			name = Debug;
		};
		FBE9677219C58A8700C8C24C /* Release */ = {
			isa = XCBuildConfiguration;
			buildSettings = {
				BUNDLE_LOADER = "$(TEST_HOST)";
				FRAMEWORK_SEARCH_PATHS = (
					"$(SDKROOT)/Developer/Library/Frameworks",
					"$(inherited)",
				);
				INFOPLIST_FILE = MineSweeperTests/Info.plist;
				LD_RUNPATH_SEARCH_PATHS = "$(inherited) @executable_path/Frameworks @loader_path/Frameworks";
				PRODUCT_NAME = "$(TARGET_NAME)";
				TEST_HOST = "$(BUILT_PRODUCTS_DIR)/MineSweeper.app/MineSweeper";
			};
			name = Release;
		};
/* End XCBuildConfiguration section */

/* Begin XCConfigurationList section */
		FBE9674919C58A8700C8C24C /* Build configuration list for PBXProject "MineSweeper" */ = {
			isa = XCConfigurationList;
			buildConfigurations = (
				FBE9676B19C58A8700C8C24C /* Debug */,
				FBE9676C19C58A8700C8C24C /* Release */,
			);
			defaultConfigurationIsVisible = 0;
			defaultConfigurationName = Release;
		};
		FBE9676D19C58A8700C8C24C /* Build configuration list for PBXNativeTarget "MineSweeper" */ = {
			isa = XCConfigurationList;
			buildConfigurations = (
				FBE9676E19C58A8700C8C24C /* Debug */,
				FBE9676F19C58A8700C8C24C /* Release */,
			);
			defaultConfigurationIsVisible = 0;
			defaultConfigurationName = Release;
		};
		FBE9677019C58A8700C8C24C /* Build configuration list for PBXNativeTarget "MineSweeperTests" */ = {
			isa = XCConfigurationList;
			buildConfigurations = (
				FBE9677119C58A8700C8C24C /* Debug */,
				FBE9677219C58A8700C8C24C /* Release */,
			);
			defaultConfigurationIsVisible = 0;
			defaultConfigurationName = Release;
		};
/* End XCConfigurationList section */
	};
	rootObject = FBE9674619C58A8700C8C24C /* Project object */;
}
